# name|download URL|sha256|license
# Keep URLs pinned to immutable commits and verify every downloaded file.
NotoSansSC-wght.ttf|https://raw.githubusercontent.com/google/fonts/9710da1eacb3be272583c3224dcb70f9da6eadbb/ofl/notosanssc/NotoSansSC%5Bwght%5D.ttf|a3041811a78c361b1de50f953c805e0244951c21c5bd412f7232ef0d899af0da|OFL-1.1
JetBrainsMono-Regular.ttf|https://raw.githubusercontent.com/JetBrains/JetBrainsMono/19371302b95d218af43299bce79ddbddd0bc364d/fonts/ttf/JetBrainsMono-Regular.ttf|e6fd0d7e91550b3ed2b735d4312474362c4716edc4fc0577a0f61ed782d5aed1|OFL-1.1
JetBrainsMono-SemiBold.ttf|https://raw.githubusercontent.com/JetBrains/JetBrainsMono/19371302b95d218af43299bce79ddbddd0bc364d/fonts/ttf/JetBrainsMono-SemiBold.ttf|12d4b18fe6e1af528e4bea69cb0997aeff22f9e52fccffcf66342dd88aa32ab8|OFL-1.1
seti.ttf|https://raw.githubusercontent.com/jesseweed/seti-ui/2d6c5e68b4ded73c92dac291845ee44e1182d511/styles/_fonts/seti/seti.ttf|655e602ea20d969733b95e28d8e39d31c0c807888d6f7d39684712f85af1923c|MIT
